
Microsoft Visual Studio Solution File, Format Version 12.00
# Visual Studio Version 17
VisualStudioVersion = 17.0.32014.148
MinimumVisualStudioVersion = 10.0.40219.1
Project("{8BC9CEB8-8B4A-11D0-8D11-00A0C91BC942}") = "Problem_3_Tideman", "Problem_3_Tideman.vcxproj", "{CD0B99FE-F150-4171-A89A-381BA8DC062E}"
EndProject
Global
	GlobalSection(SolutionConfigurationPlatforms) = preSolution
		Debug|x64 = Debug|x64
		Debug|x86 = Debug|x86
		Release|x64 = Release|x64
		Release|x86 = Release|x86
	EndGlobalSection
	GlobalSection(ProjectConfigurationPlatforms) = postSolution
		{CD0B99FE-F150-4171-A89A-381BA8DC062E}.Debug|x64.ActiveCfg = Debug|x64
		{CD0B99FE-F150-4171-A89A-381BA8DC062E}.Debug|x64.Build.0 = Debug|x64
		{CD0B99FE-F150-4171-A89A-381BA8DC062E}.Debug|x86.ActiveCfg = Debug|Win32
		{CD0B99FE-F150-4171-A89A-381BA8DC062E}.Debug|x86.Build.0 = Debug|Win32
		{CD0B99FE-F150-4171-A89A-381BA8DC062E}.Release|x64.ActiveCfg = Release|x64
		{CD0B99FE-F150-4171-A89A-381BA8DC062E}.Release|x64.Build.0 = Release|x64
		{CD0B99FE-F150-4171-A89A-381BA8DC062E}.Release|x86.ActiveCfg = Release|Win32
		{CD0B99FE-F150-4171-A89A-381BA8DC062E}.Release|x86.Build.0 = Release|Win32
	EndGlobalSection
	GlobalSection(SolutionProperties) = preSolution
		HideSolutionNode = FALSE
	EndGlobalSection
	GlobalSection(ExtensibilityGlobals) = postSolution
		SolutionGuid = {6AD446C9-F13C-47C4-BB9A-55EEDBA92039}
	EndGlobalSection
EndGlobal
