
Microsoft Visual Studio Solution File, Format Version 12.00
# Visual Studio Version 17
VisualStudioVersion = 17.0.32014.148
MinimumVisualStudioVersion = 10.0.40219.1
Project("{8BC9CEB8-8B4A-11D0-8D11-00A0C91BC942}") = "Problem_2_substitution", "Problem_2_substitution.vcxproj", "{95ECF689-8676-45B5-B3F5-DC3B63D8A79A}"
EndProject
Global
	GlobalSection(SolutionConfigurationPlatforms) = preSolution
		Debug|x64 = Debug|x64
		Debug|x86 = Debug|x86
		Release|x64 = Release|x64
		Release|x86 = Release|x86
	EndGlobalSection
	GlobalSection(ProjectConfigurationPlatforms) = postSolution
		{95ECF689-8676-45B5-B3F5-DC3B63D8A79A}.Debug|x64.ActiveCfg = Debug|x64
		{95ECF689-8676-45B5-B3F5-DC3B63D8A79A}.Debug|x64.Build.0 = Debug|x64
		{95ECF689-8676-45B5-B3F5-DC3B63D8A79A}.Debug|x86.ActiveCfg = Debug|Win32
		{95ECF689-8676-45B5-B3F5-DC3B63D8A79A}.Debug|x86.Build.0 = Debug|Win32
		{95ECF689-8676-45B5-B3F5-DC3B63D8A79A}.Release|x64.ActiveCfg = Release|x64
		{95ECF689-8676-45B5-B3F5-DC3B63D8A79A}.Release|x64.Build.0 = Release|x64
		{95ECF689-8676-45B5-B3F5-DC3B63D8A79A}.Release|x86.ActiveCfg = Release|Win32
		{95ECF689-8676-45B5-B3F5-DC3B63D8A79A}.Release|x86.Build.0 = Release|Win32
	EndGlobalSection
	GlobalSection(SolutionProperties) = preSolution
		HideSolutionNode = FALSE
	EndGlobalSection
	GlobalSection(ExtensibilityGlobals) = postSolution
		SolutionGuid = {F5860583-AE66-4049-A439-D761845C707C}
	EndGlobalSection
EndGlobal
